
Microsoft Visual Studio Solution File, Format Version 12.00
# Visual Studio Version 16
VisualStudioVersion = 16.0.29102.190
MinimumVisualStudioVersion = 10.0.40219.1
Project("{FAE04EC0-301F-11D3-BF4B-00C04F79EFBC}") = "32320", "32320\32320.csproj", "{0EE98B64-F86F-4E96-8BCD-15BB6D1F846A}"
EndProject
Global
	GlobalSection(SolutionConfigurationPlatforms) = preSolution
		Debug|Any CPU = Debug|Any CPU
		Release|Any CPU = Release|Any CPU
	EndGlobalSection
	GlobalSection(ProjectConfigurationPlatforms) = postSolution
		{0EE98B64-F86F-4E96-8BCD-15BB6D1F846A}.Debug|Any CPU.ActiveCfg = Debug|Any CPU
		{0EE98B64-F86F-4E96-8BCD-15BB6D1F846A}.Debug|Any CPU.Build.0 = Debug|Any CPU
		{0EE98B64-F86F-4E96-8BCD-15BB6D1F846A}.Release|Any CPU.ActiveCfg = Release|Any CPU
		{0EE98B64-F86F-4E96-8BCD-15BB6D1F846A}.Release|Any CPU.Build.0 = Release|Any CPU
	EndGlobalSection
	GlobalSection(SolutionProperties) = preSolution
		HideSolutionNode = FALSE
	EndGlobalSection
	GlobalSection(ExtensibilityGlobals) = postSolution
		SolutionGuid = {EF4CA797-1305-4522-9F32-409560D2702E}
	EndGlobalSection
EndGlobal
